
Microsoft Visual Studio Solution File, Format Version 12.00
# Visual Studio Version 17
VisualStudioVersion = 17.12.35424.110 d17.12
MinimumVisualStudioVersion = 10.0.40219.1
Project("{FAE04EC0-301F-11D3-BF4B-00C04F79EFBC}") = "Resources.Wpf", "Resources.Wpf\Resources.Wpf.csproj", "{CDB1394E-A0B3-442A-A764-3CB5CB511654}"
EndProject
Global
	GlobalSection(SolutionConfigurationPlatforms) = preSolution
		Debug|Any CPU = Debug|Any CPU
		Release|Any CPU = Release|Any CPU
	EndGlobalSection
	GlobalSection(ProjectConfigurationPlatforms) = postSolution
		{CDB1394E-A0B3-442A-A764-3CB5CB511654}.Debug|Any CPU.ActiveCfg = Debug|Any CPU
		{CDB1394E-A0B3-442A-A764-3CB5CB511654}.Debug|Any CPU.Build.0 = Debug|Any CPU
		{CDB1394E-A0B3-442A-A764-3CB5CB511654}.Release|Any CPU.ActiveCfg = Release|Any CPU
		{CDB1394E-A0B3-442A-A764-3CB5CB511654}.Release|Any CPU.Build.0 = Release|Any CPU
	EndGlobalSection
	GlobalSection(SolutionProperties) = preSolution
		HideSolutionNode = FALSE
	EndGlobalSection
EndGlobal
